
Microsoft Visual Studio Solution File, Format Version 12.00
# Visual Studio 15
VisualStudioVersion = 15.0.27004.2009
MinimumVisualStudioVersion = 10.0.40219.1
Project("{FAE04EC0-301F-11D3-BF4B-00C04F79EFBC}") = "RocketNET.Core", "RocketNET.Core\RocketNET.Core.csproj", "{06E46E55-3127-4152-A0D0-0827854AB80A}"
EndProject
Global
	GlobalSection(SolutionConfigurationPlatforms) = preSolution
		Debug|Any CPU = Debug|Any CPU
		Release|Any CPU = Release|Any CPU
	EndGlobalSection
	GlobalSection(ProjectConfigurationPlatforms) = postSolution
		{06E46E55-3127-4152-A0D0-0827854AB80A}.Debug|Any CPU.ActiveCfg = Debug|Any CPU
		{06E46E55-3127-4152-A0D0-0827854AB80A}.Debug|Any CPU.Build.0 = Debug|Any CPU
		{06E46E55-3127-4152-A0D0-0827854AB80A}.Release|Any CPU.ActiveCfg = Release|Any CPU
		{06E46E55-3127-4152-A0D0-0827854AB80A}.Release|Any CPU.Build.0 = Release|Any CPU
	EndGlobalSection
	GlobalSection(SolutionProperties) = preSolution
		HideSolutionNode = FALSE
	EndGlobalSection
	GlobalSection(ExtensibilityGlobals) = postSolution
		SolutionGuid = {31B62A54-F292-4D7B-8C27-97EC47DE2347}
	EndGlobalSection
EndGlobal
